# Generated by buf. DO NOT EDIT.
version: v2
deps:
  - name: buf.build/bufbuild/protovalidate
    commit: 50325440f8f24053b047484a6bf60b76
    digest: b5:74cb6f5c0853c3c10aafc701614194bbd63326bdb8ef4068214454b8894b03ba4113e04b3a33a8321cdf05336e37db4dc14a5e2495db8462566914f36086ba31
  - name: buf.build/zeroroot-ai-platform/sdk
    commit: 6ddad75aadf449d2b5f50e265a2b9e7f
    digest: b5:7587d7e0c172fb43f30e574caa6cb6a6f80900354a9c48e6e3f53ade2f38eebe12d49337a8816a043a59d0edf2b4088e9a4f332f2e960d9127f6d7dcb6e1bd14
